
Microsoft Visual Studio Solution File, Format Version 12.00
# Visual Studio 15
VisualStudioVersion = 15.0.26403.0
MinimumVisualStudioVersion = 10.0.40219.1
Project("{FAE04EC0-301F-11D3-BF4B-00C04F79EFBC}") = "Opisense.OpcWindowsService", "OpcWindowsService\Opisense.OpcWindowsService.csproj", "{4E29EAAF-5F55-41F8-9C2B-544266DCE3F4}"
EndProject
Project("{FAE04EC0-301F-11D3-BF4B-00C04F79EFBC}") = "Opisense.OpcClient", "OpcClient\Opisense.OpcClient.csproj", "{AF91DCB4-6814-4837-B62D-F3EE765F51AD}"
EndProject
Project("{FAE04EC0-301F-11D3-BF4B-00C04F79EFBC}") = "Opisense.DataPusher", "Opisense.DataPusher\Opisense.DataPusher.csproj", "{B43C50C4-776B-49DE-8023-943A7167EA6A}"
EndProject
Global
	GlobalSection(SolutionConfigurationPlatforms) = preSolution
		Debug|Any CPU = Debug|Any CPU
		Debug|x64 = Debug|x64
		Release|Any CPU = Release|Any CPU
		Release|x64 = Release|x64
	EndGlobalSection
	GlobalSection(ProjectConfigurationPlatforms) = postSolution
		{4E29EAAF-5F55-41F8-9C2B-544266DCE3F4}.Debug|Any CPU.ActiveCfg = Debug|Any CPU
		{4E29EAAF-5F55-41F8-9C2B-544266DCE3F4}.Debug|Any CPU.Build.0 = Debug|Any CPU
		{4E29EAAF-5F55-41F8-9C2B-544266DCE3F4}.Debug|x64.ActiveCfg = Debug|x64
		{4E29EAAF-5F55-41F8-9C2B-544266DCE3F4}.Debug|x64.Build.0 = Debug|x64
		{4E29EAAF-5F55-41F8-9C2B-544266DCE3F4}.Release|Any CPU.ActiveCfg = Release|Any CPU
		{4E29EAAF-5F55-41F8-9C2B-544266DCE3F4}.Release|Any CPU.Build.0 = Release|Any CPU
		{4E29EAAF-5F55-41F8-9C2B-544266DCE3F4}.Release|x64.ActiveCfg = Release|x64
		{4E29EAAF-5F55-41F8-9C2B-544266DCE3F4}.Release|x64.Build.0 = Release|x64
		{AF91DCB4-6814-4837-B62D-F3EE765F51AD}.Debug|Any CPU.ActiveCfg = Debug|Any CPU
		{AF91DCB4-6814-4837-B62D-F3EE765F51AD}.Debug|Any CPU.Build.0 = Debug|Any CPU
		{AF91DCB4-6814-4837-B62D-F3EE765F51AD}.Debug|x64.ActiveCfg = Debug|x64
		{AF91DCB4-6814-4837-B62D-F3EE765F51AD}.Debug|x64.Build.0 = Debug|x64
		{AF91DCB4-6814-4837-B62D-F3EE765F51AD}.Release|Any CPU.ActiveCfg = Release|Any CPU
		{AF91DCB4-6814-4837-B62D-F3EE765F51AD}.Release|Any CPU.Build.0 = Release|Any CPU
		{AF91DCB4-6814-4837-B62D-F3EE765F51AD}.Release|x64.ActiveCfg = Release|x64
		{AF91DCB4-6814-4837-B62D-F3EE765F51AD}.Release|x64.Build.0 = Release|x64
		{B43C50C4-776B-49DE-8023-943A7167EA6A}.Debug|Any CPU.ActiveCfg = Debug|Any CPU
		{B43C50C4-776B-49DE-8023-943A7167EA6A}.Debug|Any CPU.Build.0 = Debug|Any CPU
		{B43C50C4-776B-49DE-8023-943A7167EA6A}.Debug|x64.ActiveCfg = Debug|Any CPU
		{B43C50C4-776B-49DE-8023-943A7167EA6A}.Debug|x64.Build.0 = Debug|Any CPU
		{B43C50C4-776B-49DE-8023-943A7167EA6A}.Release|Any CPU.ActiveCfg = Release|Any CPU
		{B43C50C4-776B-49DE-8023-943A7167EA6A}.Release|Any CPU.Build.0 = Release|Any CPU
		{B43C50C4-776B-49DE-8023-943A7167EA6A}.Release|x64.ActiveCfg = Release|Any CPU
		{B43C50C4-776B-49DE-8023-943A7167EA6A}.Release|x64.Build.0 = Release|Any CPU
	EndGlobalSection
	GlobalSection(SolutionProperties) = preSolution
		HideSolutionNode = FALSE
	EndGlobalSection
	GlobalSection(ExtensibilityGlobals) = postSolution
		EnterpriseLibraryConfigurationToolBinariesPathV6 = packages\EnterpriseLibrary.TransientFaultHandling.6.0.1304.0\lib\portable-net45+win+wp8
	EndGlobalSection
EndGlobal
